// !$*UTF8*$!
{
	archiveVersion = 1;
	classes = {
	};
	objectVersion = 56;
	objects = {

/* Begin PBXBuildFile section */
		E8D5EF9B2AA3017900077ECF /* AppDelegate.swift in Sources */ = {isa = PBXBuildFile; fileRef = E8D5EF9A2AA3017900077ECF /* AppDelegate.swift */; };
		E8D5EF9D2AA3017900077ECF /* SceneDelegate.swift in Sources */ = {isa = PBXBuildFile; fileRef = E8D5EF9C2AA3017900077ECF /* SceneDelegate.swift */; };
		E8D5EF9F2AA3017900077ECF /* ViewController.swift in Sources */ = {isa = PBXBuildFile; fileRef = E8D5EF9E2AA3017900077ECF /* ViewController.swift */; };
		E8D5EFA22AA3017900077ECF /* Main.storyboard in Resources */ = {isa = PBXBuildFile; fileRef = E8D5EFA02AA3017900077ECF /* Main.storyboard */; };
		E8D5EFA42AA3017A00077ECF /* Assets.xcassets in Resources */ = {isa = PBXBuildFile; fileRef = E8D5EFA32AA3017A00077ECF /* Assets.xcassets */; };
		E8D5EFA72AA3017A00077ECF /* LaunchScreen.storyboard in Resources */ = {isa = PBXBuildFile; fileRef = E8D5EFA52AA3017A00077ECF /* LaunchScreen.storyboard */; };
		E8D5EFB22AA3029400077ECF /* ViewModel.swift in Sources */ = {isa = PBXBuildFile; fileRef = E8D5EFB12AA3029400077ECF /* ViewModel.swift */; };
		E8D5EFBA2AA30AAA00077ECF /* TableViewCell.swift in Sources */ = {isa = PBXBuildFile; fileRef = E8D5EFB92AA30AAA00077ECF /* TableViewCell.swift */; };
		E8D5EFBC2AA30AC900077ECF /* SectionModel.swift in Sources */ = {isa = PBXBuildFile; fileRef = E8D5EFBB2AA30AC900077ECF /* SectionModel.swift */; };
		E8D5EFBF2AA30C4E00077ECF /* CustomCell.swift in Sources */ = {isa = PBXBuildFile; fileRef = E8D5EFBD2AA30C4E00077ECF /* CustomCell.swift */; };
		E8D5EFC02AA30C4E00077ECF /* CustomCell.xib in Resources */ = {isa = PBXBuildFile; fileRef = E8D5EFBE2AA30C4E00077ECF /* CustomCell.xib */; };
/* End PBXBuildFile section */

/* Begin PBXFileReference section */
		E8D5EF972AA3017900077ECF /* Custom_TableView.app */ = {isa = PBXFileReference; explicitFileType = wrapper.application; includeInIndex = 0; path = Custom_TableView.app; sourceTree = BUILT_PRODUCTS_DIR; };
		E8D5EF9A2AA3017900077ECF /* AppDelegate.swift */ = {isa = PBXFileReference; lastKnownFileType = sourcecode.swift; path = AppDelegate.swift; sourceTree = "<group>"; };
		E8D5EF9C2AA3017900077ECF /* SceneDelegate.swift */ = {isa = PBXFileReference; lastKnownFileType = sourcecode.swift; path = SceneDelegate.swift; sourceTree = "<group>"; };
		E8D5EF9E2AA3017900077ECF /* ViewController.swift */ = {isa = PBXFileReference; lastKnownFileType = sourcecode.swift; path = ViewController.swift; sourceTree = "<group>"; };
		E8D5EFA12AA3017900077ECF /* Base */ = {isa = PBXFileReference; lastKnownFileType = file.storyboard; name = Base; path = Base.lproj/Main.storyboard; sourceTree = "<group>"; };
		E8D5EFA32AA3017A00077ECF /* Assets.xcassets */ = {isa = PBXFileReference; lastKnownFileType = folder.assetcatalog; path = Assets.xcassets; sourceTree = "<group>"; };
		E8D5EFA62AA3017A00077ECF /* Base */ = {isa = PBXFileReference; lastKnownFileType = file.storyboard; name = Base; path = Base.lproj/LaunchScreen.storyboard; sourceTree = "<group>"; };
		E8D5EFA82AA3017A00077ECF /* Info.plist */ = {isa = PBXFileReference; lastKnownFileType = text.plist.xml; path = Info.plist; sourceTree = "<group>"; };
		E8D5EFB12AA3029400077ECF /* ViewModel.swift */ = {isa = PBXFileReference; lastKnownFileType = sourcecode.swift; path = ViewModel.swift; sourceTree = "<group>"; };
		E8D5EFB92AA30AAA00077ECF /* TableViewCell.swift */ = {isa = PBXFileReference; lastKnownFileType = sourcecode.swift; path = TableViewCell.swift; sourceTree = "<group>"; };
		E8D5EFBB2AA30AC900077ECF /* SectionModel.swift */ = {isa = PBXFileReference; lastKnownFileType = sourcecode.swift; path = SectionModel.swift; sourceTree = "<group>"; };
		E8D5EFBD2AA30C4E00077ECF /* CustomCell.swift */ = {isa = PBXFileReference; lastKnownFileType = sourcecode.swift; path = CustomCell.swift; sourceTree = "<group>"; };
		E8D5EFBE2AA30C4E00077ECF /* CustomCell.xib */ = {isa = PBXFileReference; lastKnownFileType = file.xib; path = CustomCell.xib; sourceTree = "<group>"; };
/* End PBXFileReference section */

/* Begin PBXFrameworksBuildPhase section */
		E8D5EF942AA3017900077ECF /* Frameworks */ = {
			isa = PBXFrameworksBuildPhase;
			buildActionMask = 2147483647;
			files = (
			);
			runOnlyForDeploymentPostprocessing = 0;
		};
/* End PBXFrameworksBuildPhase section */

/* Begin PBXGroup section */
		E8D5EF8E2AA3017900077ECF = {
			isa = PBXGroup;
			children = (
				E8D5EF992AA3017900077ECF /* Custom_TableView */,
				E8D5EF982AA3017900077ECF /* Products */,
			);
			sourceTree = "<group>";
		};
		E8D5EF982AA3017900077ECF /* Products */ = {
			isa = PBXGroup;
			children = (
				E8D5EF972AA3017900077ECF /* Custom_TableView.app */,
			);
			name = Products;
			sourceTree = "<group>";
		};
		E8D5EF992AA3017900077ECF /* Custom_TableView */ = {
			isa = PBXGroup;
			children = (
				E8D5EFB72AA30A7200077ECF /* Helpers */,
				E8D5EFB32AA302A100077ECF /* Application */,
				E8D5EFB52AA302D100077ECF /* Extension */,
				E8D5EFB02AA3026B00077ECF /* Storyboard */,
				E8D5EFB62AA302DE00077ECF /* Views */,
				E8D5EFAE2AA3024F00077ECF /* ViewModel */,
				E8D5EFAF2AA3026100077ECF /* Controller */,
				E8D5EFB42AA302BE00077ECF /* Resources */,
				E8D5EFA82AA3017A00077ECF /* Info.plist */,
			);
			path = Custom_TableView;
			sourceTree = "<group>";
		};
		E8D5EFAE2AA3024F00077ECF /* ViewModel */ = {
			isa = PBXGroup;
			children = (
				E8D5EFB12AA3029400077ECF /* ViewModel.swift */,
			);
			path = ViewModel;
			sourceTree = "<group>";
		};
		E8D5EFAF2AA3026100077ECF /* Controller */ = {
			isa = PBXGroup;
			children = (
				E8D5EF9E2AA3017900077ECF /* ViewController.swift */,
			);
			path = Controller;
			sourceTree = "<group>";
		};
		E8D5EFB02AA3026B00077ECF /* Storyboard */ = {
			isa = PBXGroup;
			children = (
				E8D5EFA02AA3017900077ECF /* Main.storyboard */,
				E8D5EFA52AA3017A00077ECF /* LaunchScreen.storyboard */,
			);
			path = Storyboard;
			sourceTree = "<group>";
		};
		E8D5EFB32AA302A100077ECF /* Application */ = {
			isa = PBXGroup;
			children = (
				E8D5EF9A2AA3017900077ECF /* AppDelegate.swift */,
				E8D5EF9C2AA3017900077ECF /* SceneDelegate.swift */,
			);
			path = Application;
			sourceTree = "<group>";
		};
		E8D5EFB42AA302BE00077ECF /* Resources */ = {
			isa = PBXGroup;
			children = (
				E8D5EFA32AA3017A00077ECF /* Assets.xcassets */,
			);
			path = Resources;
			sourceTree = "<group>";
		};
		E8D5EFB52AA302D100077ECF /* Extension */ = {
			isa = PBXGroup;
			children = (
			);
			path = Extension;
			sourceTree = "<group>";
		};
		E8D5EFB62AA302DE00077ECF /* Views */ = {
			isa = PBXGroup;
			children = (
				E8D5EFBD2AA30C4E00077ECF /* CustomCell.swift */,
				E8D5EFBE2AA30C4E00077ECF /* CustomCell.xib */,
			);
			path = Views;
			sourceTree = "<group>";
		};
		E8D5EFB72AA30A7200077ECF /* Helpers */ = {
			isa = PBXGroup;
			children = (
				E8D5EFB82AA30A8A00077ECF /* TableViewCell */,
			);
			path = Helpers;
			sourceTree = "<group>";
		};
		E8D5EFB82AA30A8A00077ECF /* TableViewCell */ = {
			isa = PBXGroup;
			children = (
				E8D5EFB92AA30AAA00077ECF /* TableViewCell.swift */,
				E8D5EFBB2AA30AC900077ECF /* SectionModel.swift */,
			);
			path = TableViewCell;
			sourceTree = "<group>";
		};
/* End PBXGroup section */

/* Begin PBXNativeTarget section */
		E8D5EF962AA3017900077ECF /* Custom_TableView */ = {
			isa = PBXNativeTarget;
			buildConfigurationList = E8D5EFAB2AA3017A00077ECF /* Build configuration list for PBXNativeTarget "Custom_TableView" */;
			buildPhases = (
				E8D5EF932AA3017900077ECF /* Sources */,
				E8D5EF942AA3017900077ECF /* Frameworks */,
				E8D5EF952AA3017900077ECF /* Resources */,
			);
			buildRules = (
			);
			dependencies = (
			);
			name = Custom_TableView;
			productName = Custom_TableView;
			productReference = E8D5EF972AA3017900077ECF /* Custom_TableView.app */;
			productType = "com.apple.product-type.application";
		};
/* End PBXNativeTarget section */

/* Begin PBXProject section */
		E8D5EF8F2AA3017900077ECF /* Project object */ = {
			isa = PBXProject;
			attributes = {
				BuildIndependentTargetsInParallel = 1;
				LastSwiftUpdateCheck = 1430;
				LastUpgradeCheck = 1430;
				TargetAttributes = {
					E8D5EF962AA3017900077ECF = {
						CreatedOnToolsVersion = 14.3.1;
					};
				};
			};
			buildConfigurationList = E8D5EF922AA3017900077ECF /* Build configuration list for PBXProject "Custom_TableView" */;
			compatibilityVersion = "Xcode 14.0";
			developmentRegion = en;
			hasScannedForEncodings = 0;
			knownRegions = (
				en,
				Base,
			);
			mainGroup = E8D5EF8E2AA3017900077ECF;
			productRefGroup = E8D5EF982AA3017900077ECF /* Products */;
			projectDirPath = "";
			projectRoot = "";
			targets = (
				E8D5EF962AA3017900077ECF /* Custom_TableView */,
			);
		};
/* End PBXProject section */

/* Begin PBXResourcesBuildPhase section */
		E8D5EF952AA3017900077ECF /* Resources */ = {
			isa = PBXResourcesBuildPhase;
			buildActionMask = 2147483647;
			files = (
				E8D5EFA72AA3017A00077ECF /* LaunchScreen.storyboard in Resources */,
				E8D5EFA42AA3017A00077ECF /* Assets.xcassets in Resources */,
				E8D5EFC02AA30C4E00077ECF /* CustomCell.xib in Resources */,
				E8D5EFA22AA3017900077ECF /* Main.storyboard in Resources */,
			);
			runOnlyForDeploymentPostprocessing = 0;
		};
/* End PBXResourcesBuildPhase section */

/* Begin PBXSourcesBuildPhase section */
		E8D5EF932AA3017900077ECF /* Sources */ = {
			isa = PBXSourcesBuildPhase;
			buildActionMask = 2147483647;
			files = (
				E8D5EFBA2AA30AAA00077ECF /* TableViewCell.swift in Sources */,
				E8D5EF9F2AA3017900077ECF /* ViewController.swift in Sources */,
				E8D5EF9B2AA3017900077ECF /* AppDelegate.swift in Sources */,
				E8D5EFB22AA3029400077ECF /* ViewModel.swift in Sources */,
				E8D5EF9D2AA3017900077ECF /* SceneDelegate.swift in Sources */,
				E8D5EFBF2AA30C4E00077ECF /* CustomCell.swift in Sources */,
				E8D5EFBC2AA30AC900077ECF /* SectionModel.swift in Sources */,
			);
			runOnlyForDeploymentPostprocessing = 0;
		};
/* End PBXSourcesBuildPhase section */

/* Begin PBXVariantGroup section */
		E8D5EFA02AA3017900077ECF /* Main.storyboard */ = {
			isa = PBXVariantGroup;
			children = (
				E8D5EFA12AA3017900077ECF /* Base */,
			);
			name = Main.storyboard;
			sourceTree = "<group>";
		};
		E8D5EFA52AA3017A00077ECF /* LaunchScreen.storyboard */ = {
			isa = PBXVariantGroup;
			children = (
				E8D5EFA62AA3017A00077ECF /* Base */,
			);
			name = LaunchScreen.storyboard;
			sourceTree = "<group>";
		};
/* End PBXVariantGroup section */

/* Begin XCBuildConfiguration section */
		E8D5EFA92AA3017A00077ECF /* Debug */ = {
			isa = XCBuildConfiguration;
			buildSettings = {
				ALWAYS_SEARCH_USER_PATHS = NO;
				CLANG_ANALYZER_NONNULL = YES;
				CLANG_ANALYZER_NUMBER_OBJECT_CONVERSION = YES_AGGRESSIVE;
				CLANG_CXX_LANGUAGE_STANDARD = "gnu++20";
				CLANG_ENABLE_MODULES = YES;
				CLANG_ENABLE_OBJC_ARC = YES;
				CLANG_ENABLE_OBJC_WEAK = YES;
				CLANG_WARN_BLOCK_CAPTURE_AUTORELEASING = YES;
				CLANG_WARN_BOOL_CONVERSION = YES;
				CLANG_WARN_COMMA = YES;
				CLANG_WARN_CONSTANT_CONVERSION = YES;
				CLANG_WARN_DEPRECATED_OBJC_IMPLEMENTATIONS = YES;
				CLANG_WARN_DIRECT_OBJC_ISA_USAGE = YES_ERROR;
				CLANG_WARN_DOCUMENTATION_COMMENTS = YES;
				CLANG_WARN_EMPTY_BODY = YES;
				CLANG_WARN_ENUM_CONVERSION = YES;
				CLANG_WARN_INFINITE_RECURSION = YES;
				CLANG_WARN_INT_CONVERSION = YES;
				CLANG_WARN_NON_LITERAL_NULL_CONVERSION = YES;
				CLANG_WARN_OBJC_IMPLICIT_RETAIN_SELF = YES;
				CLANG_WARN_OBJC_LITERAL_CONVERSION = YES;
				CLANG_WARN_OBJC_ROOT_CLASS = YES_ERROR;
				CLANG_WARN_QUOTED_INCLUDE_IN_FRAMEWORK_HEADER = YES;
				CLANG_WARN_RANGE_LOOP_ANALYSIS = YES;
				CLANG_WARN_STRICT_PROTOTYPES = YES;
				CLANG_WARN_SUSPICIOUS_MOVE = YES;
				CLANG_WARN_UNGUARDED_AVAILABILITY = YES_AGGRESSIVE;
				CLANG_WARN_UNREACHABLE_CODE = YES;
				CLANG_WARN__DUPLICATE_METHOD_MATCH = YES;
				COPY_PHASE_STRIP = NO;
				DEBUG_INFORMATION_FORMAT = dwarf;
				ENABLE_STRICT_OBJC_MSGSEND = YES;
				ENABLE_TESTABILITY = YES;
				GCC_C_LANGUAGE_STANDARD = gnu11;
				GCC_DYNAMIC_NO_PIC = NO;
				GCC_NO_COMMON_BLOCKS = YES;
				GCC_OPTIMIZATION_LEVEL = 0;
				GCC_PREPROCESSOR_DEFINITIONS = (
					"DEBUG=1",
					"$(inherited)",
				);
				GCC_WARN_64_TO_32_BIT_CONVERSION = YES;
				GCC_WARN_ABOUT_RETURN_TYPE = YES_ERROR;
				GCC_WARN_UNDECLARED_SELECTOR = YES;
				GCC_WARN_UNINITIALIZED_AUTOS = YES_AGGRESSIVE;
				GCC_WARN_UNUSED_FUNCTION = YES;
				GCC_WARN_UNUSED_VARIABLE = YES;
				IPHONEOS_DEPLOYMENT_TARGET = 16.4;
				MTL_ENABLE_DEBUG_INFO = INCLUDE_SOURCE;
				MTL_FAST_MATH = YES;
				ONLY_ACTIVE_ARCH = YES;
				SDKROOT = iphoneos;
				SWIFT_ACTIVE_COMPILATION_CONDITIONS = DEBUG;
				SWIFT_OPTIMIZATION_LEVEL = "-Onone";
			};
			name = Debug;
		};
		E8D5EFAA2AA3017A00077ECF /* Release */ = {
			isa = XCBuildConfiguration;
			buildSettings = {
				ALWAYS_SEARCH_USER_PATHS = NO;
				CLANG_ANALYZER_NONNULL = YES;
				CLANG_ANALYZER_NUMBER_OBJECT_CONVERSION = YES_AGGRESSIVE;
				CLANG_CXX_LANGUAGE_STANDARD = "gnu++20";
				CLANG_ENABLE_MODULES = YES;
				CLANG_ENABLE_OBJC_ARC = YES;
				CLANG_ENABLE_OBJC_WEAK = YES;
				CLANG_WARN_BLOCK_CAPTURE_AUTORELEASING = YES;
				CLANG_WARN_BOOL_CONVERSION = YES;
				CLANG_WARN_COMMA = YES;
				CLANG_WARN_CONSTANT_CONVERSION = YES;
				CLANG_WARN_DEPRECATED_OBJC_IMPLEMENTATIONS = YES;
				CLANG_WARN_DIRECT_OBJC_ISA_USAGE = YES_ERROR;
				CLANG_WARN_DOCUMENTATION_COMMENTS = YES;
				CLANG_WARN_EMPTY_BODY = YES;
				CLANG_WARN_ENUM_CONVERSION = YES;
				CLANG_WARN_INFINITE_RECURSION = YES;
				CLANG_WARN_INT_CONVERSION = YES;
				CLANG_WARN_NON_LITERAL_NULL_CONVERSION = YES;
				CLANG_WARN_OBJC_IMPLICIT_RETAIN_SELF = YES;
				CLANG_WARN_OBJC_LITERAL_CONVERSION = YES;
				CLANG_WARN_OBJC_ROOT_CLASS = YES_ERROR;
				CLANG_WARN_QUOTED_INCLUDE_IN_FRAMEWORK_HEADER = YES;
				CLANG_WARN_RANGE_LOOP_ANALYSIS = YES;
				CLANG_WARN_STRICT_PROTOTYPES = YES;
				CLANG_WARN_SUSPICIOUS_MOVE = YES;
				CLANG_WARN_UNGUARDED_AVAILABILITY = YES_AGGRESSIVE;
				CLANG_WARN_UNREACHABLE_CODE = YES;
				CLANG_WARN__DUPLICATE_METHOD_MATCH = YES;
				COPY_PHASE_STRIP = NO;
				DEBUG_INFORMATION_FORMAT = "dwarf-with-dsym";
				ENABLE_NS_ASSERTIONS = NO;
				ENABLE_STRICT_OBJC_MSGSEND = YES;
				GCC_C_LANGUAGE_STANDARD = gnu11;
				GCC_NO_COMMON_BLOCKS = YES;
				GCC_WARN_64_TO_32_BIT_CONVERSION = YES;
				GCC_WARN_ABOUT_RETURN_TYPE = YES_ERROR;
				GCC_WARN_UNDECLARED_SELECTOR = YES;
				GCC_WARN_UNINITIALIZED_AUTOS = YES_AGGRESSIVE;
				GCC_WARN_UNUSED_FUNCTION = YES;
				GCC_WARN_UNUSED_VARIABLE = YES;
				IPHONEOS_DEPLOYMENT_TARGET = 16.4;
				MTL_ENABLE_DEBUG_INFO = NO;
				MTL_FAST_MATH = YES;
				SDKROOT = iphoneos;
				SWIFT_COMPILATION_MODE = wholemodule;
				SWIFT_OPTIMIZATION_LEVEL = "-O";
				VALIDATE_PRODUCT = YES;
			};
			name = Release;
		};
		E8D5EFAC2AA3017A00077ECF /* Debug */ = {
			isa = XCBuildConfiguration;
			buildSettings = {
				ASSETCATALOG_COMPILER_APPICON_NAME = AppIcon;
				ASSETCATALOG_COMPILER_GLOBAL_ACCENT_COLOR_NAME = AccentColor;
				CODE_SIGN_STYLE = Automatic;
				CURRENT_PROJECT_VERSION = 1;
				DEVELOPMENT_TEAM = 4FY38X5P5K;
				GENERATE_INFOPLIST_FILE = YES;
				INFOPLIST_FILE = Custom_TableView/Info.plist;
				INFOPLIST_KEY_UIApplicationSupportsIndirectInputEvents = YES;
				INFOPLIST_KEY_UILaunchStoryboardName = LaunchScreen;
				INFOPLIST_KEY_UIMainStoryboardFile = Main;
				INFOPLIST_KEY_UISupportedInterfaceOrientations_iPad = "UIInterfaceOrientationPortrait UIInterfaceOrientationPortraitUpsideDown UIInterfaceOrientationLandscapeLeft UIInterfaceOrientationLandscapeRight";
				INFOPLIST_KEY_UISupportedInterfaceOrientations_iPhone = "UIInterfaceOrientationPortrait UIInterfaceOrientationLandscapeLeft UIInterfaceOrientationLandscapeRight";
				LD_RUNPATH_SEARCH_PATHS = (
					"$(inherited)",
					"@executable_path/Frameworks",
				);
				MARKETING_VERSION = 1.0;
				PRODUCT_BUNDLE_IDENTIFIER = "com.practice.Custom-TableView";
				PRODUCT_NAME = "$(TARGET_NAME)";
				SWIFT_EMIT_LOC_STRINGS = YES;
				SWIFT_VERSION = 5.0;
				TARGETED_DEVICE_FAMILY = "1,2";
			};
			name = Debug;
		};
		E8D5EFAD2AA3017A00077ECF /* Release */ = {
			isa = XCBuildConfiguration;
			buildSettings = {
				ASSETCATALOG_COMPILER_APPICON_NAME = AppIcon;
				ASSETCATALOG_COMPILER_GLOBAL_ACCENT_COLOR_NAME = AccentColor;
				CODE_SIGN_STYLE = Automatic;
				CURRENT_PROJECT_VERSION = 1;
				DEVELOPMENT_TEAM = 4FY38X5P5K;
				GENERATE_INFOPLIST_FILE = YES;
				INFOPLIST_FILE = Custom_TableView/Info.plist;
				INFOPLIST_KEY_UIApplicationSupportsIndirectInputEvents = YES;
				INFOPLIST_KEY_UILaunchStoryboardName = LaunchScreen;
				INFOPLIST_KEY_UIMainStoryboardFile = Main;
				INFOPLIST_KEY_UISupportedInterfaceOrientations_iPad = "UIInterfaceOrientationPortrait UIInterfaceOrientationPortraitUpsideDown UIInterfaceOrientationLandscapeLeft UIInterfaceOrientationLandscapeRight";
				INFOPLIST_KEY_UISupportedInterfaceOrientations_iPhone = "UIInterfaceOrientationPortrait UIInterfaceOrientationLandscapeLeft UIInterfaceOrientationLandscapeRight";
				LD_RUNPATH_SEARCH_PATHS = (
					"$(inherited)",
					"@executable_path/Frameworks",
				);
				MARKETING_VERSION = 1.0;
				PRODUCT_BUNDLE_IDENTIFIER = "com.practice.Custom-TableView";
				PRODUCT_NAME = "$(TARGET_NAME)";
				SWIFT_EMIT_LOC_STRINGS = YES;
				SWIFT_VERSION = 5.0;
				TARGETED_DEVICE_FAMILY = "1,2";
			};
			name = Release;
		};
/* End XCBuildConfiguration section */

/* Begin XCConfigurationList section */
		E8D5EF922AA3017900077ECF /* Build configuration list for PBXProject "Custom_TableView" */ = {
			isa = XCConfigurationList;
			buildConfigurations = (
				E8D5EFA92AA3017A00077ECF /* Debug */,
				E8D5EFAA2AA3017A00077ECF /* Release */,
			);
			defaultConfigurationIsVisible = 0;
			defaultConfigurationName = Release;
		};
		E8D5EFAB2AA3017A00077ECF /* Build configuration list for PBXNativeTarget "Custom_TableView" */ = {
			isa = XCConfigurationList;
			buildConfigurations = (
				E8D5EFAC2AA3017A00077ECF /* Debug */,
				E8D5EFAD2AA3017A00077ECF /* Release */,
			);
			defaultConfigurationIsVisible = 0;
			defaultConfigurationName = Release;
		};
/* End XCConfigurationList section */
	};
	rootObject = E8D5EF8F2AA3017900077ECF /* Project object */;
}
